
Microsoft Visual Studio Solution File, Format Version 10.00
# Visual Studio 2008
Project("{FAE04EC0-301F-11D3-BF4B-00C04F79EFBC}") = "PassaPassaLista", "PassaPassaLista\PassaPassaLista.csproj", "{8F0D3878-0602-4850-AB95-4550C58F526A}"
EndProject
Global
	GlobalSection(SolutionConfigurationPlatforms) = preSolution
		Debug|Any CPU = Debug|Any CPU
		Release|Any CPU = Release|Any CPU
	EndGlobalSection
	GlobalSection(ProjectConfigurationPlatforms) = postSolution
		{8F0D3878-0602-4850-AB95-4550C58F526A}.Debug|Any CPU.ActiveCfg = Debug|Any CPU
		{8F0D3878-0602-4850-AB95-4550C58F526A}.Debug|Any CPU.Build.0 = Debug|Any CPU
		{8F0D3878-0602-4850-AB95-4550C58F526A}.Release|Any CPU.ActiveCfg = Release|Any CPU
		{8F0D3878-0602-4850-AB95-4550C58F526A}.Release|Any CPU.Build.0 = Release|Any CPU
	EndGlobalSection
	GlobalSection(SolutionProperties) = preSolution
		HideSolutionNode = FALSE
	EndGlobalSection
EndGlobal
